
Microsoft Visual Studio Solution File, Format Version 12.00
# Visual Studio Version 17
VisualStudioVersion = 17.10.35013.160
MinimumVisualStudioVersion = 10.0.40219.1
Project("{FAE04EC0-301F-11D3-BF4B-00C04F79EFBC}") = "Survey Project", "Survey Project\Survey Project.csproj", "{9540573B-6501-4B04-AA0C-67B34B641EE3}"
EndProject
Global
	GlobalSection(SolutionConfigurationPlatforms) = preSolution
		Debug|Any CPU = Debug|Any CPU
		Release|Any CPU = Release|Any CPU
	EndGlobalSection
	GlobalSection(ProjectConfigurationPlatforms) = postSolution
		{9540573B-6501-4B04-AA0C-67B34B641EE3}.Debug|Any CPU.ActiveCfg = Debug|Any CPU
		{9540573B-6501-4B04-AA0C-67B34B641EE3}.Debug|Any CPU.Build.0 = Debug|Any CPU
		{9540573B-6501-4B04-AA0C-67B34B641EE3}.Release|Any CPU.ActiveCfg = Release|Any CPU
		{9540573B-6501-4B04-AA0C-67B34B641EE3}.Release|Any CPU.Build.0 = Release|Any CPU
	EndGlobalSection
	GlobalSection(SolutionProperties) = preSolution
		HideSolutionNode = FALSE
	EndGlobalSection
	GlobalSection(ExtensibilityGlobals) = postSolution
		SolutionGuid = {9B3D81A4-3C28-4BA8-8C64-17665474B7BC}
	EndGlobalSection
EndGlobal
